
Microsoft Visual Studio Solution File, Format Version 12.00
# Visual Studio Version 17
VisualStudioVersion = 17.3.32825.248
MinimumVisualStudioVersion = 10.0.40219.1
Project("{FAE04EC0-301F-11D3-BF4B-00C04F79EFBC}") = "FAS202024111242", "FAS202024111242.csproj", "{3E842C86-4BEA-438B-AA78-F206A88B42C4}"
EndProject
Global
	GlobalSection(SolutionConfigurationPlatforms) = preSolution
		Debug|Any CPU = Debug|Any CPU
		Release|Any CPU = Release|Any CPU
	EndGlobalSection
	GlobalSection(ProjectConfigurationPlatforms) = postSolution
		{3E842C86-4BEA-438B-AA78-F206A88B42C4}.Debug|Any CPU.ActiveCfg = Debug|Any CPU
		{3E842C86-4BEA-438B-AA78-F206A88B42C4}.Debug|Any CPU.Build.0 = Debug|Any CPU
		{3E842C86-4BEA-438B-AA78-F206A88B42C4}.Release|Any CPU.ActiveCfg = Release|Any CPU
		{3E842C86-4BEA-438B-AA78-F206A88B42C4}.Release|Any CPU.Build.0 = Release|Any CPU
	EndGlobalSection
	GlobalSection(SolutionProperties) = preSolution
		HideSolutionNode = FALSE
	EndGlobalSection
	GlobalSection(ExtensibilityGlobals) = postSolution
		SolutionGuid = {C165F4F5-4F74-44D7-90EB-FDCFA86D2160}
	EndGlobalSection
EndGlobal
